
Microsoft Visual Studio Solution File, Format Version 12.00
# Visual Studio Version 16
VisualStudioVersion = 16.0.29519.87
MinimumVisualStudioVersion = 10.0.40219.1
Project("{FAE04EC0-301F-11D3-BF4B-00C04F79EFBC}") = "projectDepth", "projectDepth\projectDepth.csproj", "{4819D2A0-25D7-4CD5-904C-7D28B287A643}"
EndProject
Global
	GlobalSection(SolutionConfigurationPlatforms) = preSolution
		Debug|Any CPU = Debug|Any CPU
		Release|Any CPU = Release|Any CPU
	EndGlobalSection
	GlobalSection(ProjectConfigurationPlatforms) = postSolution
		{4819D2A0-25D7-4CD5-904C-7D28B287A643}.Debug|Any CPU.ActiveCfg = Debug|Any CPU
		{4819D2A0-25D7-4CD5-904C-7D28B287A643}.Debug|Any CPU.Build.0 = Debug|Any CPU
		{4819D2A0-25D7-4CD5-904C-7D28B287A643}.Release|Any CPU.ActiveCfg = Release|Any CPU
		{4819D2A0-25D7-4CD5-904C-7D28B287A643}.Release|Any CPU.Build.0 = Release|Any CPU
	EndGlobalSection
	GlobalSection(SolutionProperties) = preSolution
		HideSolutionNode = FALSE
	EndGlobalSection
	GlobalSection(ExtensibilityGlobals) = postSolution
		SolutionGuid = {B44D5E89-68DA-4D96-943A-F4C0E28CFB19}
	EndGlobalSection
EndGlobal
